
Microsoft Visual Studio Solution File, Format Version 12.00
# Visual Studio Version 17
VisualStudioVersion = 17.5.002.0
MinimumVisualStudioVersion = 10.0.40219.1
Project("{2150E333-8FDC-42A3-9474-1A3956D46DE8}") = "csharp-prep", "csharp-prep", "{23536CA3-EA0B-489B-A60A-40B59ABF5D91}"
EndProject
Project("{9A19103F-16F7-4668-BE54-9A1E7A4F7556}") = "Prep1", "csharp-prep\Prep1\Prep1.csproj", "{01316148-C4F9-4718-BE75-2501BB7CBFF3}"
EndProject
Project("{9A19103F-16F7-4668-BE54-9A1E7A4F7556}") = "Prep2", "csharp-prep\Prep2\Prep2.csproj", "{2E5BAC41-6BAA-4664-96B1-1A25381F846D}"
EndProject
Project("{9A19103F-16F7-4668-BE54-9A1E7A4F7556}") = "Prep3", "csharp-prep\Prep3\Prep3.csproj", "{27EEB49D-2F8A-4B51-9497-AE692D4550B4}"
EndProject
Project("{9A19103F-16F7-4668-BE54-9A1E7A4F7556}") = "Prep4", "csharp-prep\Prep4\Prep4.csproj", "{1AA2D717-8E79-4F42-B360-5FB534C8C2C1}"
EndProject
Project("{9A19103F-16F7-4668-BE54-9A1E7A4F7556}") = "Prep5", "csharp-prep\Prep5\Prep5.csproj", "{BE966A13-1A2C-4869-935F-C29AA5E6F2C0}"
EndProject
Project("{2150E333-8FDC-42A3-9474-1A3956D46DE8}") = "final", "final", "{5EEB6C08-ADE6-4AFA-B500-548DA7F9D624}"
EndProject
Project("{9A19103F-16F7-4668-BE54-9A1E7A4F7556}") = "FinalProject", "final\FinalProject\FinalProject.csproj", "{A8A8D71B-CA47-4890-A0CE-449D194F1C1C}"
EndProject
Project("{9A19103F-16F7-4668-BE54-9A1E7A4F7556}") = "Foundation1", "final\Foundation1\Foundation1.csproj", "{63B19F95-9DBE-409E-9525-6879B221E09A}"
EndProject
Project("{9A19103F-16F7-4668-BE54-9A1E7A4F7556}") = "Foundation2", "final\Foundation2\Foundation2.csproj", "{39F40524-D129-4FE3-9A18-C8AAB8288DC7}"
EndProject
Project("{9A19103F-16F7-4668-BE54-9A1E7A4F7556}") = "Foundation3", "final\Foundation3\Foundation3.csproj", "{37437419-2DFD-46F3-A4C3-A43999EB164B}"
EndProject
Project("{9A19103F-16F7-4668-BE54-9A1E7A4F7556}") = "Foundation4", "final\Foundation4\Foundation4.csproj", "{90E6FBC8-49E8-4C3C-93BE-379A4AD230DD}"
EndProject
Project("{2150E333-8FDC-42A3-9474-1A3956D46DE8}") = "prepare", "prepare", "{EF6985E5-6007-4470-A196-275C3F875334}"
EndProject
Project("{9A19103F-16F7-4668-BE54-9A1E7A4F7556}") = "Learning02", "prepare\Learning02\Learning02.csproj", "{B929931C-7987-40A7-9CE0-70F7986A3E0C}"
EndProject
Project("{9A19103F-16F7-4668-BE54-9A1E7A4F7556}") = "Learning03", "prepare\Learning03\Learning03.csproj", "{1364ACE7-F618-4277-B325-F01B310AF3FF}"
EndProject
Project("{9A19103F-16F7-4668-BE54-9A1E7A4F7556}") = "Learning04", "prepare\Learning04\Learning04.csproj", "{92FEAF0D-3F22-4C97-A11B-EC67FAA773F2}"
EndProject
Project("{9A19103F-16F7-4668-BE54-9A1E7A4F7556}") = "Learning05", "prepare\Learning05\Learning05.csproj", "{48F96D32-CBED-40D6-80A4-1ED92F065CB8}"
EndProject
Project("{2150E333-8FDC-42A3-9474-1A3956D46DE8}") = "prove", "prove", "{3B733469-042C-4DEA-BB72-82CAC5719BE7}"
EndProject
Project("{9A19103F-16F7-4668-BE54-9A1E7A4F7556}") = "Develop02", "prove\Develop02\Develop02.csproj", "{616F0259-1A41-483D-825A-D61C46BF9F74}"
EndProject
Project("{9A19103F-16F7-4668-BE54-9A1E7A4F7556}") = "Develop03", "prove\Develop03\Develop03.csproj", "{7962B836-765E-4179-878A-0E347A7BB936}"
EndProject
Project("{9A19103F-16F7-4668-BE54-9A1E7A4F7556}") = "Develop04", "prove\Develop04\Develop04.csproj", "{BD1DD594-D4B9-406C-9838-AC12527B2F24}"
EndProject
Project("{9A19103F-16F7-4668-BE54-9A1E7A4F7556}") = "Develop05", "prove\Develop05\Develop05.csproj", "{E896A0AC-81B9-425F-B9C0-FDDD3CC9058B}"
EndProject
Project("{2150E333-8FDC-42A3-9474-1A3956D46DE8}") = "sandbox", "sandbox", "{1DA8C2FB-47E8-4804-A56A-F4522717E7A5}"
EndProject
Project("{9A19103F-16F7-4668-BE54-9A1E7A4F7556}") = "Sandbox", "sandbox\Sandbox\Sandbox.csproj", "{4700DEE5-3B54-4A94-B307-E2D56D3AE518}"
EndProject
Global
	GlobalSection(SolutionConfigurationPlatforms) = preSolution
		Debug|Any CPU = Debug|Any CPU
		Release|Any CPU = Release|Any CPU
	EndGlobalSection
	GlobalSection(ProjectConfigurationPlatforms) = postSolution
		{01316148-C4F9-4718-BE75-2501BB7CBFF3}.Debug|Any CPU.ActiveCfg = Debug|Any CPU
		{01316148-C4F9-4718-BE75-2501BB7CBFF3}.Debug|Any CPU.Build.0 = Debug|Any CPU
		{01316148-C4F9-4718-BE75-2501BB7CBFF3}.Release|Any CPU.ActiveCfg = Release|Any CPU
		{01316148-C4F9-4718-BE75-2501BB7CBFF3}.Release|Any CPU.Build.0 = Release|Any CPU
		{2E5BAC41-6BAA-4664-96B1-1A25381F846D}.Debug|Any CPU.ActiveCfg = Debug|Any CPU
		{2E5BAC41-6BAA-4664-96B1-1A25381F846D}.Debug|Any CPU.Build.0 = Debug|Any CPU
		{2E5BAC41-6BAA-4664-96B1-1A25381F846D}.Release|Any CPU.ActiveCfg = Release|Any CPU
		{2E5BAC41-6BAA-4664-96B1-1A25381F846D}.Release|Any CPU.Build.0 = Release|Any CPU
		{27EEB49D-2F8A-4B51-9497-AE692D4550B4}.Debug|Any CPU.ActiveCfg = Debug|Any CPU
		{27EEB49D-2F8A-4B51-9497-AE692D4550B4}.Debug|Any CPU.Build.0 = Debug|Any CPU
		{27EEB49D-2F8A-4B51-9497-AE692D4550B4}.Release|Any CPU.ActiveCfg = Release|Any CPU
		{27EEB49D-2F8A-4B51-9497-AE692D4550B4}.Release|Any CPU.Build.0 = Release|Any CPU
		{1AA2D717-8E79-4F42-B360-5FB534C8C2C1}.Debug|Any CPU.ActiveCfg = Debug|Any CPU
		{1AA2D717-8E79-4F42-B360-5FB534C8C2C1}.Debug|Any CPU.Build.0 = Debug|Any CPU
		{1AA2D717-8E79-4F42-B360-5FB534C8C2C1}.Release|Any CPU.ActiveCfg = Release|Any CPU
		{1AA2D717-8E79-4F42-B360-5FB534C8C2C1}.Release|Any CPU.Build.0 = Release|Any CPU
		{BE966A13-1A2C-4869-935F-C29AA5E6F2C0}.Debug|Any CPU.ActiveCfg = Debug|Any CPU
		{BE966A13-1A2C-4869-935F-C29AA5E6F2C0}.Debug|Any CPU.Build.0 = Debug|Any CPU
		{BE966A13-1A2C-4869-935F-C29AA5E6F2C0}.Release|Any CPU.ActiveCfg = Release|Any CPU
		{BE966A13-1A2C-4869-935F-C29AA5E6F2C0}.Release|Any CPU.Build.0 = Release|Any CPU
		{A8A8D71B-CA47-4890-A0CE-449D194F1C1C}.Debug|Any CPU.ActiveCfg = Debug|Any CPU
		{A8A8D71B-CA47-4890-A0CE-449D194F1C1C}.Debug|Any CPU.Build.0 = Debug|Any CPU
		{A8A8D71B-CA47-4890-A0CE-449D194F1C1C}.Release|Any CPU.ActiveCfg = Release|Any CPU
		{A8A8D71B-CA47-4890-A0CE-449D194F1C1C}.Release|Any CPU.Build.0 = Release|Any CPU
		{63B19F95-9DBE-409E-9525-6879B221E09A}.Debug|Any CPU.ActiveCfg = Debug|Any CPU
		{63B19F95-9DBE-409E-9525-6879B221E09A}.Debug|Any CPU.Build.0 = Debug|Any CPU
		{63B19F95-9DBE-409E-9525-6879B221E09A}.Release|Any CPU.ActiveCfg = Release|Any CPU
		{63B19F95-9DBE-409E-9525-6879B221E09A}.Release|Any CPU.Build.0 = Release|Any CPU
		{39F40524-D129-4FE3-9A18-C8AAB8288DC7}.Debug|Any CPU.ActiveCfg = Debug|Any CPU
		{39F40524-D129-4FE3-9A18-C8AAB8288DC7}.Debug|Any CPU.Build.0 = Debug|Any CPU
		{39F40524-D129-4FE3-9A18-C8AAB8288DC7}.Release|Any CPU.ActiveCfg = Release|Any CPU
		{39F40524-D129-4FE3-9A18-C8AAB8288DC7}.Release|Any CPU.Build.0 = Release|Any CPU
		{37437419-2DFD-46F3-A4C3-A43999EB164B}.Debug|Any CPU.ActiveCfg = Debug|Any CPU
		{37437419-2DFD-46F3-A4C3-A43999EB164B}.Debug|Any CPU.Build.0 = Debug|Any CPU
		{37437419-2DFD-46F3-A4C3-A43999EB164B}.Release|Any CPU.ActiveCfg = Release|Any CPU
		{37437419-2DFD-46F3-A4C3-A43999EB164B}.Release|Any CPU.Build.0 = Release|Any CPU
		{90E6FBC8-49E8-4C3C-93BE-379A4AD230DD}.Debug|Any CPU.ActiveCfg = Debug|Any CPU
		{90E6FBC8-49E8-4C3C-93BE-379A4AD230DD}.Debug|Any CPU.Build.0 = Debug|Any CPU
		{90E6FBC8-49E8-4C3C-93BE-379A4AD230DD}.Release|Any CPU.ActiveCfg = Release|Any CPU
		{90E6FBC8-49E8-4C3C-93BE-379A4AD230DD}.Release|Any CPU.Build.0 = Release|Any CPU
		{B929931C-7987-40A7-9CE0-70F7986A3E0C}.Debug|Any CPU.ActiveCfg = Debug|Any CPU
		{B929931C-7987-40A7-9CE0-70F7986A3E0C}.Debug|Any CPU.Build.0 = Debug|Any CPU
		{B929931C-7987-40A7-9CE0-70F7986A3E0C}.Release|Any CPU.ActiveCfg = Release|Any CPU
		{B929931C-7987-40A7-9CE0-70F7986A3E0C}.Release|Any CPU.Build.0 = Release|Any CPU
		{1364ACE7-F618-4277-B325-F01B310AF3FF}.Debug|Any CPU.ActiveCfg = Debug|Any CPU
		{1364ACE7-F618-4277-B325-F01B310AF3FF}.Debug|Any CPU.Build.0 = Debug|Any CPU
		{1364ACE7-F618-4277-B325-F01B310AF3FF}.Release|Any CPU.ActiveCfg = Release|Any CPU
		{1364ACE7-F618-4277-B325-F01B310AF3FF}.Release|Any CPU.Build.0 = Release|Any CPU
		{92FEAF0D-3F22-4C97-A11B-EC67FAA773F2}.Debug|Any CPU.ActiveCfg = Debug|Any CPU
		{92FEAF0D-3F22-4C97-A11B-EC67FAA773F2}.Debug|Any CPU.Build.0 = Debug|Any CPU
		{92FEAF0D-3F22-4C97-A11B-EC67FAA773F2}.Release|Any CPU.ActiveCfg = Release|Any CPU
		{92FEAF0D-3F22-4C97-A11B-EC67FAA773F2}.Release|Any CPU.Build.0 = Release|Any CPU
		{48F96D32-CBED-40D6-80A4-1ED92F065CB8}.Debug|Any CPU.ActiveCfg = Debug|Any CPU
		{48F96D32-CBED-40D6-80A4-1ED92F065CB8}.Debug|Any CPU.Build.0 = Debug|Any CPU
		{48F96D32-CBED-40D6-80A4-1ED92F065CB8}.Release|Any CPU.ActiveCfg = Release|Any CPU
		{48F96D32-CBED-40D6-80A4-1ED92F065CB8}.Release|Any CPU.Build.0 = Release|Any CPU
		{616F0259-1A41-483D-825A-D61C46BF9F74}.Debug|Any CPU.ActiveCfg = Debug|Any CPU
		{616F0259-1A41-483D-825A-D61C46BF9F74}.Debug|Any CPU.Build.0 = Debug|Any CPU
		{616F0259-1A41-483D-825A-D61C46BF9F74}.Release|Any CPU.ActiveCfg = Release|Any CPU
		{616F0259-1A41-483D-825A-D61C46BF9F74}.Release|Any CPU.Build.0 = Release|Any CPU
		{7962B836-765E-4179-878A-0E347A7BB936}.Debug|Any CPU.ActiveCfg = Debug|Any CPU
		{7962B836-765E-4179-878A-0E347A7BB936}.Debug|Any CPU.Build.0 = Debug|Any CPU
		{7962B836-765E-4179-878A-0E347A7BB936}.Release|Any CPU.ActiveCfg = Release|Any CPU
		{7962B836-765E-4179-878A-0E347A7BB936}.Release|Any CPU.Build.0 = Release|Any CPU
		{BD1DD594-D4B9-406C-9838-AC12527B2F24}.Debug|Any CPU.ActiveCfg = Debug|Any CPU
		{BD1DD594-D4B9-406C-9838-AC12527B2F24}.Debug|Any CPU.Build.0 = Debug|Any CPU
		{BD1DD594-D4B9-406C-9838-AC12527B2F24}.Release|Any CPU.ActiveCfg = Release|Any CPU
		{BD1DD594-D4B9-406C-9838-AC12527B2F24}.Release|Any CPU.Build.0 = Release|Any CPU
		{E896A0AC-81B9-425F-B9C0-FDDD3CC9058B}.Debug|Any CPU.ActiveCfg = Debug|Any CPU
		{E896A0AC-81B9-425F-B9C0-FDDD3CC9058B}.Debug|Any CPU.Build.0 = Debug|Any CPU
		{E896A0AC-81B9-425F-B9C0-FDDD3CC9058B}.Release|Any CPU.ActiveCfg = Release|Any CPU
		{E896A0AC-81B9-425F-B9C0-FDDD3CC9058B}.Release|Any CPU.Build.0 = Release|Any CPU
		{4700DEE5-3B54-4A94-B307-E2D56D3AE518}.Debug|Any CPU.ActiveCfg = Debug|Any CPU
		{4700DEE5-3B54-4A94-B307-E2D56D3AE518}.Debug|Any CPU.Build.0 = Debug|Any CPU
		{4700DEE5-3B54-4A94-B307-E2D56D3AE518}.Release|Any CPU.ActiveCfg = Release|Any CPU
		{4700DEE5-3B54-4A94-B307-E2D56D3AE518}.Release|Any CPU.Build.0 = Release|Any CPU
	EndGlobalSection
	GlobalSection(SolutionProperties) = preSolution
		HideSolutionNode = FALSE
	EndGlobalSection
	GlobalSection(NestedProjects) = preSolution
		{01316148-C4F9-4718-BE75-2501BB7CBFF3} = {23536CA3-EA0B-489B-A60A-40B59ABF5D91}
		{2E5BAC41-6BAA-4664-96B1-1A25381F846D} = {23536CA3-EA0B-489B-A60A-40B59ABF5D91}
		{27EEB49D-2F8A-4B51-9497-AE692D4550B4} = {23536CA3-EA0B-489B-A60A-40B59ABF5D91}
		{1AA2D717-8E79-4F42-B360-5FB534C8C2C1} = {23536CA3-EA0B-489B-A60A-40B59ABF5D91}
		{BE966A13-1A2C-4869-935F-C29AA5E6F2C0} = {23536CA3-EA0B-489B-A60A-40B59ABF5D91}
		{A8A8D71B-CA47-4890-A0CE-449D194F1C1C} = {5EEB6C08-ADE6-4AFA-B500-548DA7F9D624}
		{63B19F95-9DBE-409E-9525-6879B221E09A} = {5EEB6C08-ADE6-4AFA-B500-548DA7F9D624}
		{39F40524-D129-4FE3-9A18-C8AAB8288DC7} = {5EEB6C08-ADE6-4AFA-B500-548DA7F9D624}
		{37437419-2DFD-46F3-A4C3-A43999EB164B} = {5EEB6C08-ADE6-4AFA-B500-548DA7F9D624}
		{90E6FBC8-49E8-4C3C-93BE-379A4AD230DD} = {5EEB6C08-ADE6-4AFA-B500-548DA7F9D624}
		{B929931C-7987-40A7-9CE0-70F7986A3E0C} = {EF6985E5-6007-4470-A196-275C3F875334}
		{1364ACE7-F618-4277-B325-F01B310AF3FF} = {EF6985E5-6007-4470-A196-275C3F875334}
		{92FEAF0D-3F22-4C97-A11B-EC67FAA773F2} = {EF6985E5-6007-4470-A196-275C3F875334}
		{48F96D32-CBED-40D6-80A4-1ED92F065CB8} = {EF6985E5-6007-4470-A196-275C3F875334}
		{616F0259-1A41-483D-825A-D61C46BF9F74} = {3B733469-042C-4DEA-BB72-82CAC5719BE7}
		{7962B836-765E-4179-878A-0E347A7BB936} = {3B733469-042C-4DEA-BB72-82CAC5719BE7}
		{BD1DD594-D4B9-406C-9838-AC12527B2F24} = {3B733469-042C-4DEA-BB72-82CAC5719BE7}
		{E896A0AC-81B9-425F-B9C0-FDDD3CC9058B} = {3B733469-042C-4DEA-BB72-82CAC5719BE7}
		{4700DEE5-3B54-4A94-B307-E2D56D3AE518} = {1DA8C2FB-47E8-4804-A56A-F4522717E7A5}
	EndGlobalSection
	GlobalSection(ExtensibilityGlobals) = postSolution
		SolutionGuid = {79A14107-41F2-4DD7-AA7C-21BE9FD74249}
	EndGlobalSection
EndGlobal
